
Microsoft Visual Studio Solution File, Format Version 12.00
# Visual Studio Version 16
VisualStudioVersion = 16.0.29728.190
MinimumVisualStudioVersion = 10.0.40219.1
Project("{FAE04EC0-301F-11D3-BF4B-00C04F79EFBC}") = "CompLab.Models", "CompLab.Models\CompLab.Models.csproj", "{14F18376-AD97-4330-99FD-F93F270E1BE6}"
EndProject
Project("{FAE04EC0-301F-11D3-BF4B-00C04F79EFBC}") = "CompLab", "CompLab\CompLab.csproj", "{19A72DAA-2DF3-4999-B812-C7DE2FB6F7B2}"
EndProject
Project("{FAE04EC0-301F-11D3-BF4B-00C04F79EFBC}") = "CompLab.TestConsole", "CompLab.TestConsole\CompLab.TestConsole.csproj", "{83EC22EE-CD94-47CA-8CF2-867B8CF6FD1E}"
EndProject
Project("{FAE04EC0-301F-11D3-BF4B-00C04F79EFBC}") = "CompLab.Services", "CompLab.Services\CompLab.Services.csproj", "{C67C3DF8-6068-4095-A006-399546D943F2}"
EndProject
Global
	GlobalSection(SolutionConfigurationPlatforms) = preSolution
		Debug|Any CPU = Debug|Any CPU
		Release|Any CPU = Release|Any CPU
	EndGlobalSection
	GlobalSection(ProjectConfigurationPlatforms) = postSolution
		{14F18376-AD97-4330-99FD-F93F270E1BE6}.Debug|Any CPU.ActiveCfg = Debug|Any CPU
		{14F18376-AD97-4330-99FD-F93F270E1BE6}.Debug|Any CPU.Build.0 = Debug|Any CPU
		{14F18376-AD97-4330-99FD-F93F270E1BE6}.Release|Any CPU.ActiveCfg = Release|Any CPU
		{14F18376-AD97-4330-99FD-F93F270E1BE6}.Release|Any CPU.Build.0 = Release|Any CPU
		{19A72DAA-2DF3-4999-B812-C7DE2FB6F7B2}.Debug|Any CPU.ActiveCfg = Debug|Any CPU
		{19A72DAA-2DF3-4999-B812-C7DE2FB6F7B2}.Debug|Any CPU.Build.0 = Debug|Any CPU
		{19A72DAA-2DF3-4999-B812-C7DE2FB6F7B2}.Release|Any CPU.ActiveCfg = Release|Any CPU
		{19A72DAA-2DF3-4999-B812-C7DE2FB6F7B2}.Release|Any CPU.Build.0 = Release|Any CPU
		{83EC22EE-CD94-47CA-8CF2-867B8CF6FD1E}.Debug|Any CPU.ActiveCfg = Debug|Any CPU
		{83EC22EE-CD94-47CA-8CF2-867B8CF6FD1E}.Debug|Any CPU.Build.0 = Debug|Any CPU
		{83EC22EE-CD94-47CA-8CF2-867B8CF6FD1E}.Release|Any CPU.ActiveCfg = Release|Any CPU
		{83EC22EE-CD94-47CA-8CF2-867B8CF6FD1E}.Release|Any CPU.Build.0 = Release|Any CPU
		{C67C3DF8-6068-4095-A006-399546D943F2}.Debug|Any CPU.ActiveCfg = Debug|Any CPU
		{C67C3DF8-6068-4095-A006-399546D943F2}.Debug|Any CPU.Build.0 = Debug|Any CPU
		{C67C3DF8-6068-4095-A006-399546D943F2}.Release|Any CPU.ActiveCfg = Release|Any CPU
		{C67C3DF8-6068-4095-A006-399546D943F2}.Release|Any CPU.Build.0 = Release|Any CPU
	EndGlobalSection
	GlobalSection(SolutionProperties) = preSolution
		HideSolutionNode = FALSE
	EndGlobalSection
	GlobalSection(ExtensibilityGlobals) = postSolution
		SolutionGuid = {8E9F7978-BC91-45FD-886C-AE457B93DC26}
	EndGlobalSection
EndGlobal
